
Microsoft Visual Studio Solution File, Format Version 12.00
# Visual Studio Version 16
VisualStudioVersion = 16.0.30611.23
MinimumVisualStudioVersion = 10.0.40219.1
Project("{FAE04EC0-301F-11D3-BF4B-00C04F79EFBC}") = "IsTheServerUp", "IsTheServerUp\IsTheServerUp.csproj", "{DF249AD1-C638-487E-A08D-146001CA26B1}"
EndProject
Global
	GlobalSection(SolutionConfigurationPlatforms) = preSolution
		Debug|Any CPU = Debug|Any CPU
		Release|Any CPU = Release|Any CPU
	EndGlobalSection
	GlobalSection(ProjectConfigurationPlatforms) = postSolution
		{DF249AD1-C638-487E-A08D-146001CA26B1}.Debug|Any CPU.ActiveCfg = Debug|Any CPU
		{DF249AD1-C638-487E-A08D-146001CA26B1}.Debug|Any CPU.Build.0 = Debug|Any CPU
		{DF249AD1-C638-487E-A08D-146001CA26B1}.Release|Any CPU.ActiveCfg = Release|Any CPU
		{DF249AD1-C638-487E-A08D-146001CA26B1}.Release|Any CPU.Build.0 = Release|Any CPU
	EndGlobalSection
	GlobalSection(SolutionProperties) = preSolution
		HideSolutionNode = FALSE
	EndGlobalSection
	GlobalSection(ExtensibilityGlobals) = postSolution
		SolutionGuid = {BFC5AE83-7FD3-42C9-96E2-2ABE8D54CD0D}
	EndGlobalSection
EndGlobal
